// !$*UTF8*$!
{
	archiveVersion = 1;
	classes = {
	};
	objectVersion = 50;
	objects = {

/* Begin PBXBuildFile section */
		CC25C9BF25DBB29100BB8B49 /* Screenshot 2021-02-16 at 1.27.45 PM.png in Resources */ = {isa = PBXBuildFile; fileRef = CC25C9BE25DBB29100BB8B49 /* Screenshot 2021-02-16 at 1.27.45 PM.png */; };
		CCB81350256BF812003EACDD /* AppDelegate.swift in Sources */ = {isa = PBXBuildFile; fileRef = CCB8134F256BF812003EACDD /* AppDelegate.swift */; };
		CCB81352256BF812003EACDD /* SceneDelegate.swift in Sources */ = {isa = PBXBuildFile; fileRef = CCB81351256BF812003EACDD /* SceneDelegate.swift */; };
		CCB81354256BF812003EACDD /* ViewController.swift in Sources */ = {isa = PBXBuildFile; fileRef = CCB81353256BF812003EACDD /* ViewController.swift */; };
		CCB81357256BF812003EACDD /* Main.storyboard in Resources */ = {isa = PBXBuildFile; fileRef = CCB81355256BF812003EACDD /* Main.storyboard */; };
		CCB81359256BF813003EACDD /* Assets.xcassets in Resources */ = {isa = PBXBuildFile; fileRef = CCB81358256BF813003EACDD /* Assets.xcassets */; };
		CCB8135C256BF813003EACDD /* LaunchScreen.storyboard in Resources */ = {isa = PBXBuildFile; fileRef = CCB8135A256BF813003EACDD /* LaunchScreen.storyboard */; };
		CCB81364256BF84E003EACDD /* readme in Resources */ = {isa = PBXBuildFile; fileRef = CCB81363256BF84E003EACDD /* readme */; };
		CCB81367256BFD28003EACDD /* User.swift in Sources */ = {isa = PBXBuildFile; fileRef = CCB81366256BFD28003EACDD /* User.swift */; };
		CCB81369256BFD49003EACDD /* UserService.swift in Sources */ = {isa = PBXBuildFile; fileRef = CCB81368256BFD49003EACDD /* UserService.swift */; };
		CCB8136C256BFDB0003EACDD /* UserViewData.swift in Sources */ = {isa = PBXBuildFile; fileRef = CCB8136B256BFDB0003EACDD /* UserViewData.swift */; };
		CCB8136E256BFDEC003EACDD /* UserPresenter.swift in Sources */ = {isa = PBXBuildFile; fileRef = CCB8136D256BFDEC003EACDD /* UserPresenter.swift */; };
/* End PBXBuildFile section */

/* Begin PBXFileReference section */
		CC25C9BE25DBB29100BB8B49 /* Screenshot 2021-02-16 at 1.27.45 PM.png */ = {isa = PBXFileReference; lastKnownFileType = image.png; path = "Screenshot 2021-02-16 at 1.27.45 PM.png"; sourceTree = "<group>"; };
		CCB8134C256BF812003EACDD /* MVPDemo.app */ = {isa = PBXFileReference; explicitFileType = wrapper.application; includeInIndex = 0; path = MVPDemo.app; sourceTree = BUILT_PRODUCTS_DIR; };
		CCB8134F256BF812003EACDD /* AppDelegate.swift */ = {isa = PBXFileReference; lastKnownFileType = sourcecode.swift; path = AppDelegate.swift; sourceTree = "<group>"; };
		CCB81351256BF812003EACDD /* SceneDelegate.swift */ = {isa = PBXFileReference; lastKnownFileType = sourcecode.swift; path = SceneDelegate.swift; sourceTree = "<group>"; };
		CCB81353256BF812003EACDD /* ViewController.swift */ = {isa = PBXFileReference; lastKnownFileType = sourcecode.swift; path = ViewController.swift; sourceTree = "<group>"; };
		CCB81356256BF812003EACDD /* Base */ = {isa = PBXFileReference; lastKnownFileType = file.storyboard; name = Base; path = Base.lproj/Main.storyboard; sourceTree = "<group>"; };
		CCB81358256BF813003EACDD /* Assets.xcassets */ = {isa = PBXFileReference; lastKnownFileType = folder.assetcatalog; path = Assets.xcassets; sourceTree = "<group>"; };
		CCB8135B256BF813003EACDD /* Base */ = {isa = PBXFileReference; lastKnownFileType = file.storyboard; name = Base; path = Base.lproj/LaunchScreen.storyboard; sourceTree = "<group>"; };
		CCB8135D256BF813003EACDD /* Info.plist */ = {isa = PBXFileReference; lastKnownFileType = text.plist.xml; path = Info.plist; sourceTree = "<group>"; };
		CCB81363256BF84E003EACDD /* readme */ = {isa = PBXFileReference; lastKnownFileType = text; path = readme; sourceTree = "<group>"; };
		CCB81366256BFD28003EACDD /* User.swift */ = {isa = PBXFileReference; lastKnownFileType = sourcecode.swift; path = User.swift; sourceTree = "<group>"; };
		CCB81368256BFD49003EACDD /* UserService.swift */ = {isa = PBXFileReference; lastKnownFileType = sourcecode.swift; path = UserService.swift; sourceTree = "<group>"; };
		CCB8136B256BFDB0003EACDD /* UserViewData.swift */ = {isa = PBXFileReference; lastKnownFileType = sourcecode.swift; path = UserViewData.swift; sourceTree = "<group>"; };
		CCB8136D256BFDEC003EACDD /* UserPresenter.swift */ = {isa = PBXFileReference; lastKnownFileType = sourcecode.swift; path = UserPresenter.swift; sourceTree = "<group>"; };
/* End PBXFileReference section */

/* Begin PBXFrameworksBuildPhase section */
		CCB81349256BF812003EACDD /* Frameworks */ = {
			isa = PBXFrameworksBuildPhase;
			buildActionMask = 2147483647;
			files = (
			);
			runOnlyForDeploymentPostprocessing = 0;
		};
/* End PBXFrameworksBuildPhase section */

/* Begin PBXGroup section */
		CC9FC82A256E540F00B8DA46 /* View */ = {
			isa = PBXGroup;
			children = (
				CCB81355256BF812003EACDD /* Main.storyboard */,
				CCB81353256BF812003EACDD /* ViewController.swift */,
			);
			path = View;
			sourceTree = "<group>";
		};
		CCB81343256BF812003EACDD = {
			isa = PBXGroup;
			children = (
				CCB8134E256BF812003EACDD /* MVPDemo */,
				CCB8134D256BF812003EACDD /* Products */,
			);
			sourceTree = "<group>";
		};
		CCB8134D256BF812003EACDD /* Products */ = {
			isa = PBXGroup;
			children = (
				CCB8134C256BF812003EACDD /* MVPDemo.app */,
			);
			name = Products;
			sourceTree = "<group>";
		};
		CCB8134E256BF812003EACDD /* MVPDemo */ = {
			isa = PBXGroup;
			children = (
				CC9FC82A256E540F00B8DA46 /* View */,
				CCB8136A256BFD9E003EACDD /* Presenter */,
				CCB81365256BFD19003EACDD /* Model */,
				CCB8134F256BF812003EACDD /* AppDelegate.swift */,
				CCB81351256BF812003EACDD /* SceneDelegate.swift */,
				CC25C9BE25DBB29100BB8B49 /* Screenshot 2021-02-16 at 1.27.45 PM.png */,
				CCB81358256BF813003EACDD /* Assets.xcassets */,
				CCB8135A256BF813003EACDD /* LaunchScreen.storyboard */,
				CCB8135D256BF813003EACDD /* Info.plist */,
				CCB81363256BF84E003EACDD /* readme */,
			);
			path = MVPDemo;
			sourceTree = "<group>";
		};
		CCB81365256BFD19003EACDD /* Model */ = {
			isa = PBXGroup;
			children = (
				CCB81366256BFD28003EACDD /* User.swift */,
				CCB81368256BFD49003EACDD /* UserService.swift */,
			);
			path = Model;
			sourceTree = "<group>";
		};
		CCB8136A256BFD9E003EACDD /* Presenter */ = {
			isa = PBXGroup;
			children = (
				CCB8136B256BFDB0003EACDD /* UserViewData.swift */,
				CCB8136D256BFDEC003EACDD /* UserPresenter.swift */,
			);
			path = Presenter;
			sourceTree = "<group>";
		};
/* End PBXGroup section */

/* Begin PBXNativeTarget section */
		CCB8134B256BF812003EACDD /* MVPDemo */ = {
			isa = PBXNativeTarget;
			buildConfigurationList = CCB81360256BF813003EACDD /* Build configuration list for PBXNativeTarget "MVPDemo" */;
			buildPhases = (
				CCB81348256BF812003EACDD /* Sources */,
				CCB81349256BF812003EACDD /* Frameworks */,
				CCB8134A256BF812003EACDD /* Resources */,
			);
			buildRules = (
			);
			dependencies = (
			);
			name = MVPDemo;
			productName = MVPDemo;
			productReference = CCB8134C256BF812003EACDD /* MVPDemo.app */;
			productType = "com.apple.product-type.application";
		};
/* End PBXNativeTarget section */

/* Begin PBXProject section */
		CCB81344256BF812003EACDD /* Project object */ = {
			isa = PBXProject;
			attributes = {
				LastSwiftUpdateCheck = 1100;
				LastUpgradeCheck = 1100;
				ORGANIZATIONNAME = "App Dog Inc";
				TargetAttributes = {
					CCB8134B256BF812003EACDD = {
						CreatedOnToolsVersion = 11.0;
					};
				};
			};
			buildConfigurationList = CCB81347256BF812003EACDD /* Build configuration list for PBXProject "MVPDemo" */;
			compatibilityVersion = "Xcode 9.3";
			developmentRegion = en;
			hasScannedForEncodings = 0;
			knownRegions = (
				en,
				Base,
			);
			mainGroup = CCB81343256BF812003EACDD;
			productRefGroup = CCB8134D256BF812003EACDD /* Products */;
			projectDirPath = "";
			projectRoot = "";
			targets = (
				CCB8134B256BF812003EACDD /* MVPDemo */,
			);
		};
/* End PBXProject section */

/* Begin PBXResourcesBuildPhase section */
		CCB8134A256BF812003EACDD /* Resources */ = {
			isa = PBXResourcesBuildPhase;
			buildActionMask = 2147483647;
			files = (
				CCB81364256BF84E003EACDD /* readme in Resources */,
				CCB8135C256BF813003EACDD /* LaunchScreen.storyboard in Resources */,
				CCB81359256BF813003EACDD /* Assets.xcassets in Resources */,
				CCB81357256BF812003EACDD /* Main.storyboard in Resources */,
				CC25C9BF25DBB29100BB8B49 /* Screenshot 2021-02-16 at 1.27.45 PM.png in Resources */,
			);
			runOnlyForDeploymentPostprocessing = 0;
		};
/* End PBXResourcesBuildPhase section */

/* Begin PBXSourcesBuildPhase section */
		CCB81348256BF812003EACDD /* Sources */ = {
			isa = PBXSourcesBuildPhase;
			buildActionMask = 2147483647;
			files = (
				CCB81367256BFD28003EACDD /* User.swift in Sources */,
				CCB81369256BFD49003EACDD /* UserService.swift in Sources */,
				CCB81354256BF812003EACDD /* ViewController.swift in Sources */,
				CCB8136E256BFDEC003EACDD /* UserPresenter.swift in Sources */,
				CCB8136C256BFDB0003EACDD /* UserViewData.swift in Sources */,
				CCB81350256BF812003EACDD /* AppDelegate.swift in Sources */,
				CCB81352256BF812003EACDD /* SceneDelegate.swift in Sources */,
			);
			runOnlyForDeploymentPostprocessing = 0;
		};
/* End PBXSourcesBuildPhase section */

/* Begin PBXVariantGroup section */
		CCB81355256BF812003EACDD /* Main.storyboard */ = {
			isa = PBXVariantGroup;
			children = (
				CCB81356256BF812003EACDD /* Base */,
			);
			name = Main.storyboard;
			sourceTree = "<group>";
		};
		CCB8135A256BF813003EACDD /* LaunchScreen.storyboard */ = {
			isa = PBXVariantGroup;
			children = (
				CCB8135B256BF813003EACDD /* Base */,
			);
			name = LaunchScreen.storyboard;
			sourceTree = "<group>";
		};
/* End PBXVariantGroup section */

/* Begin XCBuildConfiguration section */
		CCB8135E256BF813003EACDD /* Debug */ = {
			isa = XCBuildConfiguration;
			buildSettings = {
				ALWAYS_SEARCH_USER_PATHS = NO;
				CLANG_ANALYZER_NONNULL = YES;
				CLANG_ANALYZER_NUMBER_OBJECT_CONVERSION = YES_AGGRESSIVE;
				CLANG_CXX_LANGUAGE_STANDARD = "gnu++14";
				CLANG_CXX_LIBRARY = "libc++";
				CLANG_ENABLE_MODULES = YES;
				CLANG_ENABLE_OBJC_ARC = YES;
				CLANG_ENABLE_OBJC_WEAK = YES;
				CLANG_WARN_BLOCK_CAPTURE_AUTORELEASING = YES;
				CLANG_WARN_BOOL_CONVERSION = YES;
				CLANG_WARN_COMMA = YES;
				CLANG_WARN_CONSTANT_CONVERSION = YES;
				CLANG_WARN_DEPRECATED_OBJC_IMPLEMENTATIONS = YES;
				CLANG_WARN_DIRECT_OBJC_ISA_USAGE = YES_ERROR;
				CLANG_WARN_DOCUMENTATION_COMMENTS = YES;
				CLANG_WARN_EMPTY_BODY = YES;
				CLANG_WARN_ENUM_CONVERSION = YES;
				CLANG_WARN_INFINITE_RECURSION = YES;
				CLANG_WARN_INT_CONVERSION = YES;
				CLANG_WARN_NON_LITERAL_NULL_CONVERSION = YES;
				CLANG_WARN_OBJC_IMPLICIT_RETAIN_SELF = YES;
				CLANG_WARN_OBJC_LITERAL_CONVERSION = YES;
				CLANG_WARN_OBJC_ROOT_CLASS = YES_ERROR;
				CLANG_WARN_RANGE_LOOP_ANALYSIS = YES;
				CLANG_WARN_STRICT_PROTOTYPES = YES;
				CLANG_WARN_SUSPICIOUS_MOVE = YES;
				CLANG_WARN_UNGUARDED_AVAILABILITY = YES_AGGRESSIVE;
				CLANG_WARN_UNREACHABLE_CODE = YES;
				CLANG_WARN__DUPLICATE_METHOD_MATCH = YES;
				COPY_PHASE_STRIP = NO;
				DEBUG_INFORMATION_FORMAT = dwarf;
				ENABLE_STRICT_OBJC_MSGSEND = YES;
				ENABLE_TESTABILITY = YES;
				GCC_C_LANGUAGE_STANDARD = gnu11;
				GCC_DYNAMIC_NO_PIC = NO;
				GCC_NO_COMMON_BLOCKS = YES;
				GCC_OPTIMIZATION_LEVEL = 0;
				GCC_PREPROCESSOR_DEFINITIONS = (
					"DEBUG=1",
					"$(inherited)",
				);
				GCC_WARN_64_TO_32_BIT_CONVERSION = YES;
				GCC_WARN_ABOUT_RETURN_TYPE = YES_ERROR;
				GCC_WARN_UNDECLARED_SELECTOR = YES;
				GCC_WARN_UNINITIALIZED_AUTOS = YES_AGGRESSIVE;
				GCC_WARN_UNUSED_FUNCTION = YES;
				GCC_WARN_UNUSED_VARIABLE = YES;
				IPHONEOS_DEPLOYMENT_TARGET = 13.0;
				MTL_ENABLE_DEBUG_INFO = INCLUDE_SOURCE;
				MTL_FAST_MATH = YES;
				ONLY_ACTIVE_ARCH = YES;
				SDKROOT = iphoneos;
				SWIFT_ACTIVE_COMPILATION_CONDITIONS = DEBUG;
				SWIFT_OPTIMIZATION_LEVEL = "-Onone";
			};
			name = Debug;
		};
		CCB8135F256BF813003EACDD /* Release */ = {
			isa = XCBuildConfiguration;
			buildSettings = {
				ALWAYS_SEARCH_USER_PATHS = NO;
				CLANG_ANALYZER_NONNULL = YES;
				CLANG_ANALYZER_NUMBER_OBJECT_CONVERSION = YES_AGGRESSIVE;
				CLANG_CXX_LANGUAGE_STANDARD = "gnu++14";
				CLANG_CXX_LIBRARY = "libc++";
				CLANG_ENABLE_MODULES = YES;
				CLANG_ENABLE_OBJC_ARC = YES;
				CLANG_ENABLE_OBJC_WEAK = YES;
				CLANG_WARN_BLOCK_CAPTURE_AUTORELEASING = YES;
				CLANG_WARN_BOOL_CONVERSION = YES;
				CLANG_WARN_COMMA = YES;
				CLANG_WARN_CONSTANT_CONVERSION = YES;
				CLANG_WARN_DEPRECATED_OBJC_IMPLEMENTATIONS = YES;
				CLANG_WARN_DIRECT_OBJC_ISA_USAGE = YES_ERROR;
				CLANG_WARN_DOCUMENTATION_COMMENTS = YES;
				CLANG_WARN_EMPTY_BODY = YES;
				CLANG_WARN_ENUM_CONVERSION = YES;
				CLANG_WARN_INFINITE_RECURSION = YES;
				CLANG_WARN_INT_CONVERSION = YES;
				CLANG_WARN_NON_LITERAL_NULL_CONVERSION = YES;
				CLANG_WARN_OBJC_IMPLICIT_RETAIN_SELF = YES;
				CLANG_WARN_OBJC_LITERAL_CONVERSION = YES;
				CLANG_WARN_OBJC_ROOT_CLASS = YES_ERROR;
				CLANG_WARN_RANGE_LOOP_ANALYSIS = YES;
				CLANG_WARN_STRICT_PROTOTYPES = YES;
				CLANG_WARN_SUSPICIOUS_MOVE = YES;
				CLANG_WARN_UNGUARDED_AVAILABILITY = YES_AGGRESSIVE;
				CLANG_WARN_UNREACHABLE_CODE = YES;
				CLANG_WARN__DUPLICATE_METHOD_MATCH = YES;
				COPY_PHASE_STRIP = NO;
				DEBUG_INFORMATION_FORMAT = "dwarf-with-dsym";
				ENABLE_NS_ASSERTIONS = NO;
				ENABLE_STRICT_OBJC_MSGSEND = YES;
				GCC_C_LANGUAGE_STANDARD = gnu11;
				GCC_NO_COMMON_BLOCKS = YES;
				GCC_WARN_64_TO_32_BIT_CONVERSION = YES;
				GCC_WARN_ABOUT_RETURN_TYPE = YES_ERROR;
				GCC_WARN_UNDECLARED_SELECTOR = YES;
				GCC_WARN_UNINITIALIZED_AUTOS = YES_AGGRESSIVE;
				GCC_WARN_UNUSED_FUNCTION = YES;
				GCC_WARN_UNUSED_VARIABLE = YES;
				IPHONEOS_DEPLOYMENT_TARGET = 13.0;
				MTL_ENABLE_DEBUG_INFO = NO;
				MTL_FAST_MATH = YES;
				SDKROOT = iphoneos;
				SWIFT_COMPILATION_MODE = wholemodule;
				SWIFT_OPTIMIZATION_LEVEL = "-O";
				VALIDATE_PRODUCT = YES;
			};
			name = Release;
		};
		CCB81361256BF813003EACDD /* Debug */ = {
			isa = XCBuildConfiguration;
			buildSettings = {
				ASSETCATALOG_COMPILER_APPICON_NAME = AppIcon;
				CODE_SIGN_STYLE = Automatic;
				DEVELOPMENT_TEAM = S4XYLC2B8H;
				INFOPLIST_FILE = MVPDemo/Info.plist;
				LD_RUNPATH_SEARCH_PATHS = (
					"$(inherited)",
					"@executable_path/Frameworks",
				);
				PRODUCT_BUNDLE_IDENTIFIER = com.appodog.loca.MVPDemo;
				PRODUCT_NAME = "$(TARGET_NAME)";
				SWIFT_VERSION = 5.0;
				TARGETED_DEVICE_FAMILY = "1,2";
			};
			name = Debug;
		};
		CCB81362256BF813003EACDD /* Release */ = {
			isa = XCBuildConfiguration;
			buildSettings = {
				ASSETCATALOG_COMPILER_APPICON_NAME = AppIcon;
				CODE_SIGN_STYLE = Automatic;
				DEVELOPMENT_TEAM = S4XYLC2B8H;
				INFOPLIST_FILE = MVPDemo/Info.plist;
				LD_RUNPATH_SEARCH_PATHS = (
					"$(inherited)",
					"@executable_path/Frameworks",
				);
				PRODUCT_BUNDLE_IDENTIFIER = com.appodog.loca.MVPDemo;
				PRODUCT_NAME = "$(TARGET_NAME)";
				SWIFT_VERSION = 5.0;
				TARGETED_DEVICE_FAMILY = "1,2";
			};
			name = Release;
		};
/* End XCBuildConfiguration section */

/* Begin XCConfigurationList section */
		CCB81347256BF812003EACDD /* Build configuration list for PBXProject "MVPDemo" */ = {
			isa = XCConfigurationList;
			buildConfigurations = (
				CCB8135E256BF813003EACDD /* Debug */,
				CCB8135F256BF813003EACDD /* Release */,
			);
			defaultConfigurationIsVisible = 0;
			defaultConfigurationName = Release;
		};
		CCB81360256BF813003EACDD /* Build configuration list for PBXNativeTarget "MVPDemo" */ = {
			isa = XCConfigurationList;
			buildConfigurations = (
				CCB81361256BF813003EACDD /* Debug */,
				CCB81362256BF813003EACDD /* Release */,
			);
			defaultConfigurationIsVisible = 0;
			defaultConfigurationName = Release;
		};
/* End XCConfigurationList section */
	};
	rootObject = CCB81344256BF812003EACDD /* Project object */;
}
